PODS:
  - Cooking (1.1.1)
  - SQITools (1.0.5):
    - Cooking

DEPENDENCIES:
  - SQITools (from `../`)

SPEC REPOS:
  https://github.com/cocoapods/specs.git:
    - Cooking

EXTERNAL SOURCES:
  SQITools:
    :path: "../"

SPEC CHECKSUMS:
  Cooking: c1192f70cc89e41ea40873f56e18e3f4f0f2e01b
  SQITools: 30d0b745fc5a92967f40895bdcd09afe3f50a7ae

PODFILE CHECKSUM: fed91dc1734a5a55d93371ac87acc66a40b56900

COCOAPODS: 1.6.1
